
Microsoft Visual Studio Solution File, Format Version 12.00
# Visual Studio Version 17
VisualStudioVersion = 17.13.35919.96
MinimumVisualStudioVersion = 10.0.40219.1
Project("{FAE04EC0-301F-11D3-BF4B-00C04F79EFBC}") = "LR1", "LR 1 APPZ\LR1.csproj", "{9A14CE55-640E-4973-9F23-D8D393DC8E67}"
EndProject
Global
	GlobalSection(SolutionConfigurationPlatforms) = preSolution
		Debug|Any CPU = Debug|Any CPU
		Release|Any CPU = Release|Any CPU
	EndGlobalSection
	GlobalSection(ProjectConfigurationPlatforms) = postSolution
		{9A14CE55-640E-4973-9F23-D8D393DC8E67}.Debug|Any CPU.ActiveCfg = Debug|Any CPU
		{9A14CE55-640E-4973-9F23-D8D393DC8E67}.Debug|Any CPU.Build.0 = Debug|Any CPU
		{9A14CE55-640E-4973-9F23-D8D393DC8E67}.Release|Any CPU.ActiveCfg = Release|Any CPU
		{9A14CE55-640E-4973-9F23-D8D393DC8E67}.Release|Any CPU.Build.0 = Release|Any CPU
	EndGlobalSection
	GlobalSection(SolutionProperties) = preSolution
		HideSolutionNode = FALSE
	EndGlobalSection
	GlobalSection(ExtensibilityGlobals) = postSolution
		SolutionGuid = {14E3A955-F2CD-45ED-8FAB-ADE20477AEE9}
	EndGlobalSection
EndGlobal
